
Microsoft Visual Studio Solution File, Format Version 12.00
# Visual Studio Version 16
VisualStudioVersion = 16.0.30717.126
MinimumVisualStudioVersion = 10.0.40219.1
Project("{FAE04EC0-301F-11D3-BF4B-00C04F79EFBC}") = "TestcaseAnalysisAPI", "TestcaseAnalysisAPI\TestcaseAnalysisAPI.csproj", "{D577B5E9-6E61-4429-B572-F3E56A666E17}"
EndProject
Global
	GlobalSection(SolutionConfigurationPlatforms) = preSolution
		Debug|Any CPU = Debug|Any CPU
		Release|Any CPU = Release|Any CPU
	EndGlobalSection
	GlobalSection(ProjectConfigurationPlatforms) = postSolution
		{D577B5E9-6E61-4429-B572-F3E56A666E17}.Debug|Any CPU.ActiveCfg = Debug|Any CPU
		{D577B5E9-6E61-4429-B572-F3E56A666E17}.Debug|Any CPU.Build.0 = Debug|Any CPU
		{D577B5E9-6E61-4429-B572-F3E56A666E17}.Release|Any CPU.ActiveCfg = Release|Any CPU
		{D577B5E9-6E61-4429-B572-F3E56A666E17}.Release|Any CPU.Build.0 = Release|Any CPU
	EndGlobalSection
	GlobalSection(SolutionProperties) = preSolution
		HideSolutionNode = FALSE
	EndGlobalSection
	GlobalSection(ExtensibilityGlobals) = postSolution
		SolutionGuid = {2EFD4A8D-6097-4B2B-9322-744918CCA64E}
	EndGlobalSection
EndGlobal
